
Microsoft Visual Studio Solution File, Format Version 12.00
# Visual Studio Version 16
VisualStudioVersion = 16.0.31727.386
MinimumVisualStudioVersion = 10.0.40219.1
Project("{9A19103F-16F7-4668-BE54-9A1E7A4F7556}") = "lab1", "Programowanie obiektowe\lab1.csproj", "{4635AE3B-C641-4871-B36A-B2460B6BCCEA}"
EndProject
Project("{9A19103F-16F7-4668-BE54-9A1E7A4F7556}") = "TestsProject2", "TestsProject2\TestsProject2.csproj", "{BD4EDBA9-F96C-4F42-B795-3B3EA495636D}"
EndProject
Project("{9A19103F-16F7-4668-BE54-9A1E7A4F7556}") = "lab 2", "lab 2\lab 2.csproj", "{CF578F07-11CF-4E86-9406-F8B1028A0E82}"
EndProject
Project("{9A19103F-16F7-4668-BE54-9A1E7A4F7556}") = "ZadanieDomoweLab-2", "ZadanieDomoweLab-2\ZadanieDomoweLab-2.csproj", "{35C9E619-03B7-4589-B3DD-70132ACF44A2}"
EndProject
Project("{FAE04EC0-301F-11D3-BF4B-00C04F79EFBC}") = "lab 3", "lab 3\lab 3.csproj", "{8674DC2E-B6AF-4619-BBAC-900A78577881}"
EndProject
Global
	GlobalSection(SolutionConfigurationPlatforms) = preSolution
		Debug|Any CPU = Debug|Any CPU
		Release|Any CPU = Release|Any CPU
	EndGlobalSection
	GlobalSection(ProjectConfigurationPlatforms) = postSolution
		{4635AE3B-C641-4871-B36A-B2460B6BCCEA}.Debug|Any CPU.ActiveCfg = Debug|Any CPU
		{4635AE3B-C641-4871-B36A-B2460B6BCCEA}.Debug|Any CPU.Build.0 = Debug|Any CPU
		{4635AE3B-C641-4871-B36A-B2460B6BCCEA}.Release|Any CPU.ActiveCfg = Release|Any CPU
		{4635AE3B-C641-4871-B36A-B2460B6BCCEA}.Release|Any CPU.Build.0 = Release|Any CPU
		{BD4EDBA9-F96C-4F42-B795-3B3EA495636D}.Debug|Any CPU.ActiveCfg = Debug|Any CPU
		{BD4EDBA9-F96C-4F42-B795-3B3EA495636D}.Debug|Any CPU.Build.0 = Debug|Any CPU
		{BD4EDBA9-F96C-4F42-B795-3B3EA495636D}.Release|Any CPU.ActiveCfg = Release|Any CPU
		{BD4EDBA9-F96C-4F42-B795-3B3EA495636D}.Release|Any CPU.Build.0 = Release|Any CPU
		{CF578F07-11CF-4E86-9406-F8B1028A0E82}.Debug|Any CPU.ActiveCfg = Debug|Any CPU
		{CF578F07-11CF-4E86-9406-F8B1028A0E82}.Debug|Any CPU.Build.0 = Debug|Any CPU
		{CF578F07-11CF-4E86-9406-F8B1028A0E82}.Release|Any CPU.ActiveCfg = Release|Any CPU
		{CF578F07-11CF-4E86-9406-F8B1028A0E82}.Release|Any CPU.Build.0 = Release|Any CPU
		{35C9E619-03B7-4589-B3DD-70132ACF44A2}.Debug|Any CPU.ActiveCfg = Debug|Any CPU
		{35C9E619-03B7-4589-B3DD-70132ACF44A2}.Debug|Any CPU.Build.0 = Debug|Any CPU
		{35C9E619-03B7-4589-B3DD-70132ACF44A2}.Release|Any CPU.ActiveCfg = Release|Any CPU
		{35C9E619-03B7-4589-B3DD-70132ACF44A2}.Release|Any CPU.Build.0 = Release|Any CPU
		{8674DC2E-B6AF-4619-BBAC-900A78577881}.Debug|Any CPU.ActiveCfg = Debug|Any CPU
		{8674DC2E-B6AF-4619-BBAC-900A78577881}.Debug|Any CPU.Build.0 = Debug|Any CPU
		{8674DC2E-B6AF-4619-BBAC-900A78577881}.Release|Any CPU.ActiveCfg = Release|Any CPU
		{8674DC2E-B6AF-4619-BBAC-900A78577881}.Release|Any CPU.Build.0 = Release|Any CPU
	EndGlobalSection
	GlobalSection(SolutionProperties) = preSolution
		HideSolutionNode = FALSE
	EndGlobalSection
	GlobalSection(ExtensibilityGlobals) = postSolution
		SolutionGuid = {2F52F2C9-2505-4E86-A672-CBA70C699CDD}
	EndGlobalSection
EndGlobal
